
Microsoft Visual Studio Solution File, Format Version 12.00
# Visual Studio 14
VisualStudioVersion = 14.0.25123.0
MinimumVisualStudioVersion = 10.0.40219.1
Project("{FAE04EC0-301F-11D3-BF4B-00C04F79EFBC}") = "Kastil.Droid", "Kastil.Droid\Kastil.Droid.csproj", "{E033292C-1101-44F4-867D-083EF8DB215F}"
EndProject
Project("{FAE04EC0-301F-11D3-BF4B-00C04F79EFBC}") = "Kastil.Core", "Kastil.Core\Kastil.Core.csproj", "{31D7792C-8339-4C32-8C91-123C9B248B83}"
EndProject
Project("{FAE04EC0-301F-11D3-BF4B-00C04F79EFBC}") = "Kastil.iOS", "Kastil.iOS\Kastil.iOS.csproj", "{EB7592B4-6689-4D9D-8DC0-F42726B1271D}"
EndProject
Project("{2150E333-8FDC-42A3-9474-1A3956D46DE8}") = "Tests", "Tests", "{1CAF773C-F943-400B-A912-C105DAFBABDC}"
EndProject
Project("{D954291E-2A0B-460D-934E-DC6B0785DB48}") = "Kastil.Shared", "Kastil.Shared\Kastil.Shared.shproj", "{184536F0-432D-4C97-9342-AE97A6CD230A}"
EndProject
Project("{FAE04EC0-301F-11D3-BF4B-00C04F79EFBC}") = "Kastil.Core.Tests", "Kastil.Core.Tests\Kastil.Core.Tests.csproj", "{FA8740A9-AB9F-4E80-9ABB-1C0B97F6DEBD}"
EndProject
Global
	GlobalSection(SharedMSBuildProjectFiles) = preSolution
		Kastil.Shared\Kastil.Shared.projitems*{31d7792c-8339-4c32-8c91-123c9b248b83}*SharedItemsImports = 4
		Kastil.Shared\Kastil.Shared.projitems*{184536f0-432d-4c97-9342-ae97a6cd230a}*SharedItemsImports = 13
	EndGlobalSection
	GlobalSection(SolutionConfigurationPlatforms) = preSolution
		Ad-Hoc|Any CPU = Ad-Hoc|Any CPU
		Ad-Hoc|iPhone = Ad-Hoc|iPhone
		Ad-Hoc|iPhoneSimulator = Ad-Hoc|iPhoneSimulator
		AppStore|Any CPU = AppStore|Any CPU
		AppStore|iPhone = AppStore|iPhone
		AppStore|iPhoneSimulator = AppStore|iPhoneSimulator
		Debug|Any CPU = Debug|Any CPU
		Debug|iPhone = Debug|iPhone
		Debug|iPhoneSimulator = Debug|iPhoneSimulator
		Release|Any CPU = Release|Any CPU
		Release|iPhone = Release|iPhone
		Release|iPhoneSimulator = Release|iPhoneSimulator
	EndGlobalSection
	GlobalSection(ProjectConfigurationPlatforms) = postSolution
		{E033292C-1101-44F4-867D-083EF8DB215F}.Ad-Hoc|Any CPU.ActiveCfg = Release|Any CPU
		{E033292C-1101-44F4-867D-083EF8DB215F}.Ad-Hoc|Any CPU.Build.0 = Release|Any CPU
		{E033292C-1101-44F4-867D-083EF8DB215F}.Ad-Hoc|Any CPU.Deploy.0 = Release|Any CPU
		{E033292C-1101-44F4-867D-083EF8DB215F}.Ad-Hoc|iPhone.ActiveCfg = Release|Any CPU
		{E033292C-1101-44F4-867D-083EF8DB215F}.Ad-Hoc|iPhone.Build.0 = Release|Any CPU
		{E033292C-1101-44F4-867D-083EF8DB215F}.Ad-Hoc|iPhone.Deploy.0 = Release|Any CPU
		{E033292C-1101-44F4-867D-083EF8DB215F}.Ad-Hoc|iPhoneSimulator.ActiveCfg = Release|Any CPU
		{E033292C-1101-44F4-867D-083EF8DB215F}.Ad-Hoc|iPhoneSimulator.Build.0 = Release|Any CPU
		{E033292C-1101-44F4-867D-083EF8DB215F}.Ad-Hoc|iPhoneSimulator.Deploy.0 = Release|Any CPU
		{E033292C-1101-44F4-867D-083EF8DB215F}.AppStore|Any CPU.ActiveCfg = Release|Any CPU
		{E033292C-1101-44F4-867D-083EF8DB215F}.AppStore|Any CPU.Build.0 = Release|Any CPU
		{E033292C-1101-44F4-867D-083EF8DB215F}.AppStore|Any CPU.Deploy.0 = Release|Any CPU
		{E033292C-1101-44F4-867D-083EF8DB215F}.AppStore|iPhone.ActiveCfg = Release|Any CPU
		{E033292C-1101-44F4-867D-083EF8DB215F}.AppStore|iPhone.Build.0 = Release|Any CPU
		{E033292C-1101-44F4-867D-083EF8DB215F}.AppStore|iPhone.Deploy.0 = Release|Any CPU
		{E033292C-1101-44F4-867D-083EF8DB215F}.AppStore|iPhoneSimulator.ActiveCfg = Release|Any CPU
		{E033292C-1101-44F4-867D-083EF8DB215F}.AppStore|iPhoneSimulator.Build.0 = Release|Any CPU
		{E033292C-1101-44F4-867D-083EF8DB215F}.AppStore|iPhoneSimulator.Deploy.0 = Release|Any CPU
		{E033292C-1101-44F4-867D-083EF8DB215F}.Debug|Any CPU.ActiveCfg = Debug|Any CPU
		{E033292C-1101-44F4-867D-083EF8DB215F}.Debug|Any CPU.Build.0 = Debug|Any CPU
		{E033292C-1101-44F4-867D-083EF8DB215F}.Debug|Any CPU.Deploy.0 = Debug|Any CPU
		{E033292C-1101-44F4-867D-083EF8DB215F}.Debug|iPhone.ActiveCfg = Debug|Any CPU
		{E033292C-1101-44F4-867D-083EF8DB215F}.Debug|iPhoneSimulator.ActiveCfg = Debug|Any CPU
		{E033292C-1101-44F4-867D-083EF8DB215F}.Release|Any CPU.ActiveCfg = Release|Any CPU
		{E033292C-1101-44F4-867D-083EF8DB215F}.Release|Any CPU.Build.0 = Release|Any CPU
		{E033292C-1101-44F4-867D-083EF8DB215F}.Release|Any CPU.Deploy.0 = Release|Any CPU
		{E033292C-1101-44F4-867D-083EF8DB215F}.Release|iPhone.ActiveCfg = Release|Any CPU
		{E033292C-1101-44F4-867D-083EF8DB215F}.Release|iPhone.Build.0 = Release|Any CPU
		{E033292C-1101-44F4-867D-083EF8DB215F}.Release|iPhone.Deploy.0 = Release|Any CPU
		{E033292C-1101-44F4-867D-083EF8DB215F}.Release|iPhoneSimulator.ActiveCfg = Release|Any CPU
		{E033292C-1101-44F4-867D-083EF8DB215F}.Release|iPhoneSimulator.Build.0 = Release|Any CPU
		{E033292C-1101-44F4-867D-083EF8DB215F}.Release|iPhoneSimulator.Deploy.0 = Release|Any CPU
		{31D7792C-8339-4C32-8C91-123C9B248B83}.Ad-Hoc|Any CPU.ActiveCfg = Release|Any CPU
		{31D7792C-8339-4C32-8C91-123C9B248B83}.Ad-Hoc|Any CPU.Build.0 = Release|Any CPU
		{31D7792C-8339-4C32-8C91-123C9B248B83}.Ad-Hoc|iPhone.ActiveCfg = Release|Any CPU
		{31D7792C-8339-4C32-8C91-123C9B248B83}.Ad-Hoc|iPhone.Build.0 = Release|Any CPU
		{31D7792C-8339-4C32-8C91-123C9B248B83}.Ad-Hoc|iPhoneSimulator.ActiveCfg = Release|Any CPU
		{31D7792C-8339-4C32-8C91-123C9B248B83}.Ad-Hoc|iPhoneSimulator.Build.0 = Release|Any CPU
		{31D7792C-8339-4C32-8C91-123C9B248B83}.AppStore|Any CPU.ActiveCfg = Release|Any CPU
		{31D7792C-8339-4C32-8C91-123C9B248B83}.AppStore|Any CPU.Build.0 = Release|Any CPU
		{31D7792C-8339-4C32-8C91-123C9B248B83}.AppStore|iPhone.ActiveCfg = Release|Any CPU
		{31D7792C-8339-4C32-8C91-123C9B248B83}.AppStore|iPhone.Build.0 = Release|Any CPU
		{31D7792C-8339-4C32-8C91-123C9B248B83}.AppStore|iPhoneSimulator.ActiveCfg = Release|Any CPU
		{31D7792C-8339-4C32-8C91-123C9B248B83}.AppStore|iPhoneSimulator.Build.0 = Release|Any CPU
		{31D7792C-8339-4C32-8C91-123C9B248B83}.Debug|Any CPU.ActiveCfg = Debug|Any CPU
		{31D7792C-8339-4C32-8C91-123C9B248B83}.Debug|Any CPU.Build.0 = Debug|Any CPU
		{31D7792C-8339-4C32-8C91-123C9B248B83}.Debug|iPhone.ActiveCfg = Debug|Any CPU
		{31D7792C-8339-4C32-8C91-123C9B248B83}.Debug|iPhone.Build.0 = Debug|Any CPU
		{31D7792C-8339-4C32-8C91-123C9B248B83}.Debug|iPhoneSimulator.ActiveCfg = Debug|Any CPU
		{31D7792C-8339-4C32-8C91-123C9B248B83}.Debug|iPhoneSimulator.Build.0 = Debug|Any CPU
		{31D7792C-8339-4C32-8C91-123C9B248B83}.Release|Any CPU.ActiveCfg = Release|Any CPU
		{31D7792C-8339-4C32-8C91-123C9B248B83}.Release|Any CPU.Build.0 = Release|Any CPU
		{31D7792C-8339-4C32-8C91-123C9B248B83}.Release|iPhone.ActiveCfg = Release|Any CPU
		{31D7792C-8339-4C32-8C91-123C9B248B83}.Release|iPhone.Build.0 = Release|Any CPU
		{31D7792C-8339-4C32-8C91-123C9B248B83}.Release|iPhoneSimulator.ActiveCfg = Release|Any CPU
		{31D7792C-8339-4C32-8C91-123C9B248B83}.Release|iPhoneSimulator.Build.0 = Release|Any CPU
		{EB7592B4-6689-4D9D-8DC0-F42726B1271D}.Ad-Hoc|Any CPU.ActiveCfg = Ad-Hoc|iPhone
		{EB7592B4-6689-4D9D-8DC0-F42726B1271D}.Ad-Hoc|iPhone.ActiveCfg = Ad-Hoc|iPhone
		{EB7592B4-6689-4D9D-8DC0-F42726B1271D}.Ad-Hoc|iPhone.Build.0 = Ad-Hoc|iPhone
		{EB7592B4-6689-4D9D-8DC0-F42726B1271D}.Ad-Hoc|iPhoneSimulator.ActiveCfg = Ad-Hoc|iPhoneSimulator
		{EB7592B4-6689-4D9D-8DC0-F42726B1271D}.Ad-Hoc|iPhoneSimulator.Build.0 = Ad-Hoc|iPhoneSimulator
		{EB7592B4-6689-4D9D-8DC0-F42726B1271D}.AppStore|Any CPU.ActiveCfg = AppStore|iPhone
		{EB7592B4-6689-4D9D-8DC0-F42726B1271D}.AppStore|iPhone.ActiveCfg = AppStore|iPhone
		{EB7592B4-6689-4D9D-8DC0-F42726B1271D}.AppStore|iPhone.Build.0 = AppStore|iPhone
		{EB7592B4-6689-4D9D-8DC0-F42726B1271D}.AppStore|iPhoneSimulator.ActiveCfg = AppStore|iPhoneSimulator
		{EB7592B4-6689-4D9D-8DC0-F42726B1271D}.AppStore|iPhoneSimulator.Build.0 = AppStore|iPhoneSimulator
		{EB7592B4-6689-4D9D-8DC0-F42726B1271D}.Debug|Any CPU.ActiveCfg = Debug|iPhone
		{EB7592B4-6689-4D9D-8DC0-F42726B1271D}.Debug|iPhone.ActiveCfg = Debug|iPhone
		{EB7592B4-6689-4D9D-8DC0-F42726B1271D}.Debug|iPhone.Build.0 = Debug|iPhone
		{EB7592B4-6689-4D9D-8DC0-F42726B1271D}.Debug|iPhoneSimulator.ActiveCfg = Debug|iPhoneSimulator
		{EB7592B4-6689-4D9D-8DC0-F42726B1271D}.Debug|iPhoneSimulator.Build.0 = Debug|iPhoneSimulator
		{EB7592B4-6689-4D9D-8DC0-F42726B1271D}.Release|Any CPU.ActiveCfg = Release|iPhone
		{EB7592B4-6689-4D9D-8DC0-F42726B1271D}.Release|iPhone.ActiveCfg = Release|iPhone
		{EB7592B4-6689-4D9D-8DC0-F42726B1271D}.Release|iPhone.Build.0 = Release|iPhone
		{EB7592B4-6689-4D9D-8DC0-F42726B1271D}.Release|iPhoneSimulator.ActiveCfg = Release|iPhoneSimulator
		{EB7592B4-6689-4D9D-8DC0-F42726B1271D}.Release|iPhoneSimulator.Build.0 = Release|iPhoneSimulator
		{FA8740A9-AB9F-4E80-9ABB-1C0B97F6DEBD}.Ad-Hoc|Any CPU.ActiveCfg = Release|Any CPU
		{FA8740A9-AB9F-4E80-9ABB-1C0B97F6DEBD}.Ad-Hoc|Any CPU.Build.0 = Release|Any CPU
		{FA8740A9-AB9F-4E80-9ABB-1C0B97F6DEBD}.Ad-Hoc|iPhone.ActiveCfg = Release|Any CPU
		{FA8740A9-AB9F-4E80-9ABB-1C0B97F6DEBD}.Ad-Hoc|iPhone.Build.0 = Release|Any CPU
		{FA8740A9-AB9F-4E80-9ABB-1C0B97F6DEBD}.Ad-Hoc|iPhoneSimulator.ActiveCfg = Release|Any CPU
		{FA8740A9-AB9F-4E80-9ABB-1C0B97F6DEBD}.Ad-Hoc|iPhoneSimulator.Build.0 = Release|Any CPU
		{FA8740A9-AB9F-4E80-9ABB-1C0B97F6DEBD}.AppStore|Any CPU.ActiveCfg = Release|Any CPU
		{FA8740A9-AB9F-4E80-9ABB-1C0B97F6DEBD}.AppStore|Any CPU.Build.0 = Release|Any CPU
		{FA8740A9-AB9F-4E80-9ABB-1C0B97F6DEBD}.AppStore|iPhone.ActiveCfg = Release|Any CPU
		{FA8740A9-AB9F-4E80-9ABB-1C0B97F6DEBD}.AppStore|iPhone.Build.0 = Release|Any CPU
		{FA8740A9-AB9F-4E80-9ABB-1C0B97F6DEBD}.AppStore|iPhoneSimulator.ActiveCfg = Release|Any CPU
		{FA8740A9-AB9F-4E80-9ABB-1C0B97F6DEBD}.AppStore|iPhoneSimulator.Build.0 = Release|Any CPU
		{FA8740A9-AB9F-4E80-9ABB-1C0B97F6DEBD}.Debug|Any CPU.ActiveCfg = Debug|Any CPU
		{FA8740A9-AB9F-4E80-9ABB-1C0B97F6DEBD}.Debug|Any CPU.Build.0 = Debug|Any CPU
		{FA8740A9-AB9F-4E80-9ABB-1C0B97F6DEBD}.Debug|iPhone.ActiveCfg = Debug|Any CPU
		{FA8740A9-AB9F-4E80-9ABB-1C0B97F6DEBD}.Debug|iPhone.Build.0 = Debug|Any CPU
		{FA8740A9-AB9F-4E80-9ABB-1C0B97F6DEBD}.Debug|iPhoneSimulator.ActiveCfg = Debug|Any CPU
		{FA8740A9-AB9F-4E80-9ABB-1C0B97F6DEBD}.Debug|iPhoneSimulator.Build.0 = Debug|Any CPU
		{FA8740A9-AB9F-4E80-9ABB-1C0B97F6DEBD}.Release|Any CPU.ActiveCfg = Release|Any CPU
		{FA8740A9-AB9F-4E80-9ABB-1C0B97F6DEBD}.Release|Any CPU.Build.0 = Release|Any CPU
		{FA8740A9-AB9F-4E80-9ABB-1C0B97F6DEBD}.Release|iPhone.ActiveCfg = Release|Any CPU
		{FA8740A9-AB9F-4E80-9ABB-1C0B97F6DEBD}.Release|iPhone.Build.0 = Release|Any CPU
		{FA8740A9-AB9F-4E80-9ABB-1C0B97F6DEBD}.Release|iPhoneSimulator.ActiveCfg = Release|Any CPU
		{FA8740A9-AB9F-4E80-9ABB-1C0B97F6DEBD}.Release|iPhoneSimulator.Build.0 = Release|Any CPU
	EndGlobalSection
	GlobalSection(SolutionProperties) = preSolution
		HideSolutionNode = FALSE
	EndGlobalSection
	GlobalSection(NestedProjects) = preSolution
		{FA8740A9-AB9F-4E80-9ABB-1C0B97F6DEBD} = {1CAF773C-F943-400B-A912-C105DAFBABDC}
	EndGlobalSection
EndGlobal
